
Microsoft Visual Studio Solution File, Format Version 12.00
# Visual Studio Version 17
VisualStudioVersion = 17.11.35312.102
MinimumVisualStudioVersion = 10.0.40219.1
Project("{FAE04EC0-301F-11D3-BF4B-00C04F79EFBC}") = "Inventory-and-Sales", "Lnventory-and-Sales\Inventory-and-Sales.csproj", "{3904B718-F883-4B39-87B7-707A494BCAE3}"
EndProject
Global
	GlobalSection(SolutionConfigurationPlatforms) = preSolution
		Debug|Any CPU = Debug|Any CPU
		Release|Any CPU = Release|Any CPU
	EndGlobalSection
	GlobalSection(ProjectConfigurationPlatforms) = postSolution
		{3904B718-F883-4B39-87B7-707A494BCAE3}.Debug|Any CPU.ActiveCfg = Debug|Any CPU
		{3904B718-F883-4B39-87B7-707A494BCAE3}.Debug|Any CPU.Build.0 = Debug|Any CPU
		{3904B718-F883-4B39-87B7-707A494BCAE3}.Release|Any CPU.ActiveCfg = Release|Any CPU
		{3904B718-F883-4B39-87B7-707A494BCAE3}.Release|Any CPU.Build.0 = Release|Any CPU
	EndGlobalSection
	GlobalSection(SolutionProperties) = preSolution
		HideSolutionNode = FALSE
	EndGlobalSection
	GlobalSection(ExtensibilityGlobals) = postSolution
		SolutionGuid = {B4607B74-23D2-4339-AE65-2FC05E6A0C74}
	EndGlobalSection
EndGlobal
